# THIS IS AN AUTOGENERATED FILE. DO NOT EDIT THIS FILE DIRECTLY.
# yarn lockfile v1


node-bin-setup@^1.0.0:
  version "1.1.0"
  resolved "https://registry.yarnpkg.com/node-bin-setup/-/node-bin-setup-1.1.0.tgz#9df94c41335a8f41958a639b2736f860582a209c"
  integrity sha512-pTeU6NgUrexiLNtd+AKwvg6cngHMvj5FZ5e2bbv2ogBSIc9yhkXSSaTScfSRZnwHIh5YFmYSYlemLWkiKD7rog==

node@^17.3.1:
  version "17.3.1"
  resolved "https://registry.yarnpkg.com/node/-/node-17.3.1.tgz#78342017e8e59f3dee31cf2f4a54a0f549b0d488"
  integrity sha512-RcGSHR8HZnfo22COHt5/K0QNRudDIhfLjrq5AzipXX5mu8pkjhrpqp4T2+W6pnONOap12RAVcSvzvy8FwFt3hQ==
  dependencies:
    node-bin-setup "^1.0.0"
